{
  "name": "e-schema",
  "version": "0.0.2",
  "lockfileVersion": 2,
  "requires": true,
  "packages": {
    "": {
      "name": "e-schema",
      "version": "0.0.2",
      "license": "ISC",
      "dependencies": {
        "instaserve": "^0.1.17"
      }
    },
    "node_modules/instaserve": {
      "version": "0.1.17",
      "resolved": "https://registry.npmjs.org/instaserve/-/instaserve-0.1.17.tgz",
      "integrity": "sha512-vQE0bmi/Fen48vrDzZF7CJQMZ9NYWvFfYSVe+dWj1vfCyCy42PZuOOafnuiXvI5jXHpLU+UYwD5Ywxrl8TriRA==",
      "bin": {
        "instaserve": "server.mjs"
      }
    }
  },
  "dependencies": {
    "instaserve": {
      "version": "0.1.17",
      "resolved": "https://registry.npmjs.org/instaserve/-/instaserve-0.1.17.tgz",
      "integrity": "sha512-vQE0bmi/Fen48vrDzZF7CJQMZ9NYWvFfYSVe+dWj1vfCyCy42PZuOOafnuiXvI5jXHpLU+UYwD5Ywxrl8TriRA=="
    }
  }
}
